
Microsoft Visual Studio Solution File, Format Version 12.00
# Visual Studio Version 17
VisualStudioVersion = 17.5.002.0
MinimumVisualStudioVersion = 10.0.40219.1
Project("{9A19103F-16F7-4668-BE54-9A1E7A4F7556}") = "SchoolManagement.API", "SchoolManagement.API\SchoolManagement.API.csproj", "{DD12783B-E279-4E82-9C33-90663372CF20}"
EndProject
Global
	GlobalSection(SolutionConfigurationPlatforms) = preSolution
		Debug|Any CPU = Debug|Any CPU
		Release|Any CPU = Release|Any CPU
	EndGlobalSection
	GlobalSection(ProjectConfigurationPlatforms) = postSolution
		{DD12783B-E279-4E82-9C33-90663372CF20}.Debug|Any CPU.ActiveCfg = Debug|Any CPU
		{DD12783B-E279-4E82-9C33-90663372CF20}.Debug|Any CPU.Build.0 = Debug|Any CPU
		{DD12783B-E279-4E82-9C33-90663372CF20}.Release|Any CPU.ActiveCfg = Release|Any CPU
		{DD12783B-E279-4E82-9C33-90663372CF20}.Release|Any CPU.Build.0 = Release|Any CPU
	EndGlobalSection
	GlobalSection(SolutionProperties) = preSolution
		HideSolutionNode = FALSE
	EndGlobalSection
	GlobalSection(ExtensibilityGlobals) = postSolution
		SolutionGuid = {8D278195-3C1E-4E90-B41F-EFCDB3171E3D}
	EndGlobalSection
EndGlobal
